// !$*UTF8*$!
{
	archiveVersion = 1;
	classes = {
	};
	objectVersion = 56;
	objects = {

/* Begin PBXBuildFile section */
		BC0FC2D62C18DB5900539FB1 /* FetchRecipesApp.swift in Sources */ = {isa = PBXBuildFile; fileRef = BC0FC2D52C18DB5900539FB1 /* FetchRecipesApp.swift */; };
		BC0FC2D82C18DB5900539FB1 /* ContentView.swift in Sources */ = {isa = PBXBuildFile; fileRef = BC0FC2D72C18DB5900539FB1 /* ContentView.swift */; };
		BC0FC2DA2C18DB5F00539FB1 /* Assets.xcassets in Resources */ = {isa = PBXBuildFile; fileRef = BC0FC2D92C18DB5F00539FB1 /* Assets.xcassets */; };
		BC0FC2DD2C18DB5F00539FB1 /* Preview Assets.xcassets in Resources */ = {isa = PBXBuildFile; fileRef = BC0FC2DC2C18DB5F00539FB1 /* Preview Assets.xcassets */; };
		BC0FC2E42C18DC9000539FB1 /* Meal.swift in Sources */ = {isa = PBXBuildFile; fileRef = BC0FC2E32C18DC9000539FB1 /* Meal.swift */; };
		BC0FC2E62C18E3FF00539FB1 /* CategoryMealListView.swift in Sources */ = {isa = PBXBuildFile; fileRef = BC0FC2E52C18E3FF00539FB1 /* CategoryMealListView.swift */; };
		BC0FC2E82C18E88C00539FB1 /* MealLoader.swift in Sources */ = {isa = PBXBuildFile; fileRef = BC0FC2E72C18E88C00539FB1 /* MealLoader.swift */; };
		BC0FC2EA2C18F9A200539FB1 /* MealDetailedView.swift in Sources */ = {isa = PBXBuildFile; fileRef = BC0FC2E92C18F9A200539FB1 /* MealDetailedView.swift */; };
		BC0FC2EC2C19824400539FB1 /* Config.swift in Sources */ = {isa = PBXBuildFile; fileRef = BC0FC2EB2C19824400539FB1 /* Config.swift */; };
		BC0FC2F02C19996700539FB1 /* CachedAsyncImage.swift in Sources */ = {isa = PBXBuildFile; fileRef = BC0FC2EF2C19996700539FB1 /* CachedAsyncImage.swift */; };
		BC0FC2F22C1A438C00539FB1 /* CategoryViewModel.swift in Sources */ = {isa = PBXBuildFile; fileRef = BC0FC2F12C1A438C00539FB1 /* CategoryViewModel.swift */; };
		BC0FC2F42C1A515500539FB1 /* MealViewModel.swift in Sources */ = {isa = PBXBuildFile; fileRef = BC0FC2F32C1A515500539FB1 /* MealViewModel.swift */; };
		BC0FC2F82C1A5FB100539FB1 /* View+ErrorHandling.swift in Sources */ = {isa = PBXBuildFile; fileRef = BC0FC2F72C1A5FB100539FB1 /* View+ErrorHandling.swift */; };
		BC0FC3022C1A62B100539FB1 /* FetchRecipesTests.swift in Sources */ = {isa = PBXBuildFile; fileRef = BC0FC3012C1A62B100539FB1 /* FetchRecipesTests.swift */; };
/* End PBXBuildFile section */

/* Begin PBXContainerItemProxy section */
		BC0FC3032C1A62B100539FB1 /* PBXContainerItemProxy */ = {
			isa = PBXContainerItemProxy;
			containerPortal = BC0FC2CA2C18DB5800539FB1 /* Project object */;
			proxyType = 1;
			remoteGlobalIDString = BC0FC2D12C18DB5900539FB1;
			remoteInfo = FetchRecipes;
		};
/* End PBXContainerItemProxy section */

/* Begin PBXFileReference section */
		BC0FC2D22C18DB5900539FB1 /* FetchRecipes.app */ = {isa = PBXFileReference; explicitFileType = wrapper.application; includeInIndex = 0; path = FetchRecipes.app; sourceTree = BUILT_PRODUCTS_DIR; };
		BC0FC2D52C18DB5900539FB1 /* FetchRecipesApp.swift */ = {isa = PBXFileReference; lastKnownFileType = sourcecode.swift; path = FetchRecipesApp.swift; sourceTree = "<group>"; };
		BC0FC2D72C18DB5900539FB1 /* ContentView.swift */ = {isa = PBXFileReference; lastKnownFileType = sourcecode.swift; path = ContentView.swift; sourceTree = "<group>"; };
		BC0FC2D92C18DB5F00539FB1 /* Assets.xcassets */ = {isa = PBXFileReference; lastKnownFileType = folder.assetcatalog; path = Assets.xcassets; sourceTree = "<group>"; };
		BC0FC2DC2C18DB5F00539FB1 /* Preview Assets.xcassets */ = {isa = PBXFileReference; lastKnownFileType = folder.assetcatalog; path = "Preview Assets.xcassets"; sourceTree = "<group>"; };
		BC0FC2E32C18DC9000539FB1 /* Meal.swift */ = {isa = PBXFileReference; lastKnownFileType = sourcecode.swift; path = Meal.swift; sourceTree = "<group>"; };
		BC0FC2E52C18E3FF00539FB1 /* CategoryMealListView.swift */ = {isa = PBXFileReference; lastKnownFileType = sourcecode.swift; path = CategoryMealListView.swift; sourceTree = "<group>"; };
		BC0FC2E72C18E88C00539FB1 /* MealLoader.swift */ = {isa = PBXFileReference; lastKnownFileType = sourcecode.swift; path = MealLoader.swift; sourceTree = "<group>"; };
		BC0FC2E92C18F9A200539FB1 /* MealDetailedView.swift */ = {isa = PBXFileReference; lastKnownFileType = sourcecode.swift; path = MealDetailedView.swift; sourceTree = "<group>"; };
		BC0FC2EB2C19824400539FB1 /* Config.swift */ = {isa = PBXFileReference; lastKnownFileType = sourcecode.swift; path = Config.swift; sourceTree = "<group>"; };
		BC0FC2EF2C19996700539FB1 /* CachedAsyncImage.swift */ = {isa = PBXFileReference; lastKnownFileType = sourcecode.swift; path = CachedAsyncImage.swift; sourceTree = "<group>"; };
		BC0FC2F12C1A438C00539FB1 /* CategoryViewModel.swift */ = {isa = PBXFileReference; lastKnownFileType = sourcecode.swift; path = CategoryViewModel.swift; sourceTree = "<group>"; };
		BC0FC2F32C1A515500539FB1 /* MealViewModel.swift */ = {isa = PBXFileReference; lastKnownFileType = sourcecode.swift; path = MealViewModel.swift; sourceTree = "<group>"; };
		BC0FC2F72C1A5FB100539FB1 /* View+ErrorHandling.swift */ = {isa = PBXFileReference; lastKnownFileType = sourcecode.swift; path = "View+ErrorHandling.swift"; sourceTree = "<group>"; };
		BC0FC2FF2C1A62B100539FB1 /* FetchRecipesTests.xctest */ = {isa = PBXFileReference; explicitFileType = wrapper.cfbundle; includeInIndex = 0; path = FetchRecipesTests.xctest; sourceTree = BUILT_PRODUCTS_DIR; };
		BC0FC3012C1A62B100539FB1 /* FetchRecipesTests.swift */ = {isa = PBXFileReference; lastKnownFileType = sourcecode.swift; path = FetchRecipesTests.swift; sourceTree = "<group>"; };
/* End PBXFileReference section */

/* Begin PBXFrameworksBuildPhase section */
		BC0FC2CF2C18DB5900539FB1 /* Frameworks */ = {
			isa = PBXFrameworksBuildPhase;
			buildActionMask = 2147483647;
			files = (
			);
			runOnlyForDeploymentPostprocessing = 0;
		};
		BC0FC2FC2C1A62B100539FB1 /* Frameworks */ = {
			isa = PBXFrameworksBuildPhase;
			buildActionMask = 2147483647;
			files = (
			);
			runOnlyForDeploymentPostprocessing = 0;
		};
/* End PBXFrameworksBuildPhase section */

/* Begin PBXGroup section */
		BC0FC2C92C18DB5800539FB1 = {
			isa = PBXGroup;
			children = (
				BC0FC2D42C18DB5900539FB1 /* FetchRecipes */,
				BC0FC3002C1A62B100539FB1 /* FetchRecipesTests */,
				BC0FC2D32C18DB5900539FB1 /* Products */,
			);
			sourceTree = "<group>";
		};
		BC0FC2D32C18DB5900539FB1 /* Products */ = {
			isa = PBXGroup;
			children = (
				BC0FC2D22C18DB5900539FB1 /* FetchRecipes.app */,
				BC0FC2FF2C1A62B100539FB1 /* FetchRecipesTests.xctest */,
			);
			name = Products;
			sourceTree = "<group>";
		};
		BC0FC2D42C18DB5900539FB1 /* FetchRecipes */ = {
			isa = PBXGroup;
			children = (
				BC0FC2D52C18DB5900539FB1 /* FetchRecipesApp.swift */,
				BC0FC2D72C18DB5900539FB1 /* ContentView.swift */,
				BC0FC2E52C18E3FF00539FB1 /* CategoryMealListView.swift */,
				BC0FC2F12C1A438C00539FB1 /* CategoryViewModel.swift */,
				BC0FC2E92C18F9A200539FB1 /* MealDetailedView.swift */,
				BC0FC2F32C1A515500539FB1 /* MealViewModel.swift */,
				BC0FC2EF2C19996700539FB1 /* CachedAsyncImage.swift */,
				BC0FC2E32C18DC9000539FB1 /* Meal.swift */,
				BC0FC2E72C18E88C00539FB1 /* MealLoader.swift */,
				BC0FC2EB2C19824400539FB1 /* Config.swift */,
				BC0FC2D92C18DB5F00539FB1 /* Assets.xcassets */,
				BC0FC2DB2C18DB5F00539FB1 /* Preview Content */,
				BC0FC2F72C1A5FB100539FB1 /* View+ErrorHandling.swift */,
			);
			path = FetchRecipes;
			sourceTree = "<group>";
		};
		BC0FC2DB2C18DB5F00539FB1 /* Preview Content */ = {
			isa = PBXGroup;
			children = (
				BC0FC2DC2C18DB5F00539FB1 /* Preview Assets.xcassets */,
			);
			path = "Preview Content";
			sourceTree = "<group>";
		};
		BC0FC3002C1A62B100539FB1 /* FetchRecipesTests */ = {
			isa = PBXGroup;
			children = (
				BC0FC3012C1A62B100539FB1 /* FetchRecipesTests.swift */,
			);
			path = FetchRecipesTests;
			sourceTree = "<group>";
		};
/* End PBXGroup section */

/* Begin PBXNativeTarget section */
		BC0FC2D12C18DB5900539FB1 /* FetchRecipes */ = {
			isa = PBXNativeTarget;
			buildConfigurationList = BC0FC2E02C18DB5F00539FB1 /* Build configuration list for PBXNativeTarget "FetchRecipes" */;
			buildPhases = (
				BC0FC2CE2C18DB5900539FB1 /* Sources */,
				BC0FC2CF2C18DB5900539FB1 /* Frameworks */,
				BC0FC2D02C18DB5900539FB1 /* Resources */,
			);
			buildRules = (
			);
			dependencies = (
			);
			name = FetchRecipes;
			productName = FetchRecipes;
			productReference = BC0FC2D22C18DB5900539FB1 /* FetchRecipes.app */;
			productType = "com.apple.product-type.application";
		};
		BC0FC2FE2C1A62B100539FB1 /* FetchRecipesTests */ = {
			isa = PBXNativeTarget;
			buildConfigurationList = BC0FC3052C1A62B100539FB1 /* Build configuration list for PBXNativeTarget "FetchRecipesTests" */;
			buildPhases = (
				BC0FC2FB2C1A62B100539FB1 /* Sources */,
				BC0FC2FC2C1A62B100539FB1 /* Frameworks */,
				BC0FC2FD2C1A62B100539FB1 /* Resources */,
			);
			buildRules = (
			);
			dependencies = (
				BC0FC3042C1A62B100539FB1 /* PBXTargetDependency */,
			);
			name = FetchRecipesTests;
			productName = FetchRecipesTests;
			productReference = BC0FC2FF2C1A62B100539FB1 /* FetchRecipesTests.xctest */;
			productType = "com.apple.product-type.bundle.unit-test";
		};
/* End PBXNativeTarget section */

/* Begin PBXProject section */
		BC0FC2CA2C18DB5800539FB1 /* Project object */ = {
			isa = PBXProject;
			attributes = {
				BuildIndependentTargetsInParallel = 1;
				LastSwiftUpdateCheck = 1530;
				LastUpgradeCheck = 1530;
				TargetAttributes = {
					BC0FC2D12C18DB5900539FB1 = {
						CreatedOnToolsVersion = 15.3;
					};
					BC0FC2FE2C1A62B100539FB1 = {
						CreatedOnToolsVersion = 15.3;
						TestTargetID = BC0FC2D12C18DB5900539FB1;
					};
				};
			};
			buildConfigurationList = BC0FC2CD2C18DB5800539FB1 /* Build configuration list for PBXProject "FetchRecipes" */;
			compatibilityVersion = "Xcode 14.0";
			developmentRegion = en;
			hasScannedForEncodings = 0;
			knownRegions = (
				en,
				Base,
			);
			mainGroup = BC0FC2C92C18DB5800539FB1;
			productRefGroup = BC0FC2D32C18DB5900539FB1 /* Products */;
			projectDirPath = "";
			projectRoot = "";
			targets = (
				BC0FC2D12C18DB5900539FB1 /* FetchRecipes */,
				BC0FC2FE2C1A62B100539FB1 /* FetchRecipesTests */,
			);
		};
/* End PBXProject section */

/* Begin PBXResourcesBuildPhase section */
		BC0FC2D02C18DB5900539FB1 /* Resources */ = {
			isa = PBXResourcesBuildPhase;
			buildActionMask = 2147483647;
			files = (
				BC0FC2DD2C18DB5F00539FB1 /* Preview Assets.xcassets in Resources */,
				BC0FC2DA2C18DB5F00539FB1 /* Assets.xcassets in Resources */,
			);
			runOnlyForDeploymentPostprocessing = 0;
		};
		BC0FC2FD2C1A62B100539FB1 /* Resources */ = {
			isa = PBXResourcesBuildPhase;
			buildActionMask = 2147483647;
			files = (
			);
			runOnlyForDeploymentPostprocessing = 0;
		};
/* End PBXResourcesBuildPhase section */

/* Begin PBXSourcesBuildPhase section */
		BC0FC2CE2C18DB5900539FB1 /* Sources */ = {
			isa = PBXSourcesBuildPhase;
			buildActionMask = 2147483647;
			files = (
				BC0FC2D82C18DB5900539FB1 /* ContentView.swift in Sources */,
				BC0FC2F42C1A515500539FB1 /* MealViewModel.swift in Sources */,
				BC0FC2EA2C18F9A200539FB1 /* MealDetailedView.swift in Sources */,
				BC0FC2F02C19996700539FB1 /* CachedAsyncImage.swift in Sources */,
				BC0FC2E42C18DC9000539FB1 /* Meal.swift in Sources */,
				BC0FC2F82C1A5FB100539FB1 /* View+ErrorHandling.swift in Sources */,
				BC0FC2EC2C19824400539FB1 /* Config.swift in Sources */,
				BC0FC2E62C18E3FF00539FB1 /* CategoryMealListView.swift in Sources */,
				BC0FC2E82C18E88C00539FB1 /* MealLoader.swift in Sources */,
				BC0FC2F22C1A438C00539FB1 /* CategoryViewModel.swift in Sources */,
				BC0FC2D62C18DB5900539FB1 /* FetchRecipesApp.swift in Sources */,
			);
			runOnlyForDeploymentPostprocessing = 0;
		};
		BC0FC2FB2C1A62B100539FB1 /* Sources */ = {
			isa = PBXSourcesBuildPhase;
			buildActionMask = 2147483647;
			files = (
				BC0FC3022C1A62B100539FB1 /* FetchRecipesTests.swift in Sources */,
			);
			runOnlyForDeploymentPostprocessing = 0;
		};
/* End PBXSourcesBuildPhase section */

/* Begin PBXTargetDependency section */
		BC0FC3042C1A62B100539FB1 /* PBXTargetDependency */ = {
			isa = PBXTargetDependency;
			target = BC0FC2D12C18DB5900539FB1 /* FetchRecipes */;
			targetProxy = BC0FC3032C1A62B100539FB1 /* PBXContainerItemProxy */;
		};
/* End PBXTargetDependency section */

/* Begin XCBuildConfiguration section */
		BC0FC2DE2C18DB5F00539FB1 /* Debug */ = {
			isa = XCBuildConfiguration;
			buildSettings = {
				ALWAYS_SEARCH_USER_PATHS = NO;
				ASSETCATALOG_COMPILER_GENERATE_SWIFT_ASSET_SYMBOL_EXTENSIONS = YES;
				CLANG_ANALYZER_NONNULL = YES;
				CLANG_ANALYZER_NUMBER_OBJECT_CONVERSION = YES_AGGRESSIVE;
				CLANG_CXX_LANGUAGE_STANDARD = "gnu++20";
				CLANG_ENABLE_MODULES = YES;
				CLANG_ENABLE_OBJC_ARC = YES;
				CLANG_ENABLE_OBJC_WEAK = YES;
				CLANG_WARN_BLOCK_CAPTURE_AUTORELEASING = YES;
				CLANG_WARN_BOOL_CONVERSION = YES;
				CLANG_WARN_COMMA = YES;
				CLANG_WARN_CONSTANT_CONVERSION = YES;
				CLANG_WARN_DEPRECATED_OBJC_IMPLEMENTATIONS = YES;
				CLANG_WARN_DIRECT_OBJC_ISA_USAGE = YES_ERROR;
				CLANG_WARN_DOCUMENTATION_COMMENTS = YES;
				CLANG_WARN_EMPTY_BODY = YES;
				CLANG_WARN_ENUM_CONVERSION = YES;
				CLANG_WARN_INFINITE_RECURSION = YES;
				CLANG_WARN_INT_CONVERSION = YES;
				CLANG_WARN_NON_LITERAL_NULL_CONVERSION = YES;
				CLANG_WARN_OBJC_IMPLICIT_RETAIN_SELF = YES;
				CLANG_WARN_OBJC_LITERAL_CONVERSION = YES;
				CLANG_WARN_OBJC_ROOT_CLASS = YES_ERROR;
				CLANG_WARN_QUOTED_INCLUDE_IN_FRAMEWORK_HEADER = YES;
				CLANG_WARN_RANGE_LOOP_ANALYSIS = YES;
				CLANG_WARN_STRICT_PROTOTYPES = YES;
				CLANG_WARN_SUSPICIOUS_MOVE = YES;
				CLANG_WARN_UNGUARDED_AVAILABILITY = YES_AGGRESSIVE;
				CLANG_WARN_UNREACHABLE_CODE = YES;
				CLANG_WARN__DUPLICATE_METHOD_MATCH = YES;
				COPY_PHASE_STRIP = NO;
				DEBUG_INFORMATION_FORMAT = dwarf;
				ENABLE_STRICT_OBJC_MSGSEND = YES;
				ENABLE_TESTABILITY = YES;
				ENABLE_USER_SCRIPT_SANDBOXING = YES;
				GCC_C_LANGUAGE_STANDARD = gnu17;
				GCC_DYNAMIC_NO_PIC = NO;
				GCC_NO_COMMON_BLOCKS = YES;
				GCC_OPTIMIZATION_LEVEL = 0;
				GCC_PREPROCESSOR_DEFINITIONS = (
					"DEBUG=1",
					"$(inherited)",
				);
				GCC_WARN_64_TO_32_BIT_CONVERSION = YES;
				GCC_WARN_ABOUT_RETURN_TYPE = YES_ERROR;
				GCC_WARN_UNDECLARED_SELECTOR = YES;
				GCC_WARN_UNINITIALIZED_AUTOS = YES_AGGRESSIVE;
				GCC_WARN_UNUSED_FUNCTION = YES;
				GCC_WARN_UNUSED_VARIABLE = YES;
				IPHONEOS_DEPLOYMENT_TARGET = 17.4;
				LOCALIZATION_PREFERS_STRING_CATALOGS = YES;
				MTL_ENABLE_DEBUG_INFO = INCLUDE_SOURCE;
				MTL_FAST_MATH = YES;
				ONLY_ACTIVE_ARCH = YES;
				SDKROOT = iphoneos;
				SWIFT_ACTIVE_COMPILATION_CONDITIONS = "DEBUG $(inherited)";
				SWIFT_OPTIMIZATION_LEVEL = "-Onone";
			};
			name = Debug;
		};
		BC0FC2DF2C18DB5F00539FB1 /* Release */ = {
			isa = XCBuildConfiguration;
			buildSettings = {
				ALWAYS_SEARCH_USER_PATHS = NO;
				ASSETCATALOG_COMPILER_GENERATE_SWIFT_ASSET_SYMBOL_EXTENSIONS = YES;
				CLANG_ANALYZER_NONNULL = YES;
				CLANG_ANALYZER_NUMBER_OBJECT_CONVERSION = YES_AGGRESSIVE;
				CLANG_CXX_LANGUAGE_STANDARD = "gnu++20";
				CLANG_ENABLE_MODULES = YES;
				CLANG_ENABLE_OBJC_ARC = YES;
				CLANG_ENABLE_OBJC_WEAK = YES;
				CLANG_WARN_BLOCK_CAPTURE_AUTORELEASING = YES;
				CLANG_WARN_BOOL_CONVERSION = YES;
				CLANG_WARN_COMMA = YES;
				CLANG_WARN_CONSTANT_CONVERSION = YES;
				CLANG_WARN_DEPRECATED_OBJC_IMPLEMENTATIONS = YES;
				CLANG_WARN_DIRECT_OBJC_ISA_USAGE = YES_ERROR;
				CLANG_WARN_DOCUMENTATION_COMMENTS = YES;
				CLANG_WARN_EMPTY_BODY = YES;
				CLANG_WARN_ENUM_CONVERSION = YES;
				CLANG_WARN_INFINITE_RECURSION = YES;
				CLANG_WARN_INT_CONVERSION = YES;
				CLANG_WARN_NON_LITERAL_NULL_CONVERSION = YES;
				CLANG_WARN_OBJC_IMPLICIT_RETAIN_SELF = YES;
				CLANG_WARN_OBJC_LITERAL_CONVERSION = YES;
				CLANG_WARN_OBJC_ROOT_CLASS = YES_ERROR;
				CLANG_WARN_QUOTED_INCLUDE_IN_FRAMEWORK_HEADER = YES;
				CLANG_WARN_RANGE_LOOP_ANALYSIS = YES;
				CLANG_WARN_STRICT_PROTOTYPES = YES;
				CLANG_WARN_SUSPICIOUS_MOVE = YES;
				CLANG_WARN_UNGUARDED_AVAILABILITY = YES_AGGRESSIVE;
				CLANG_WARN_UNREACHABLE_CODE = YES;
				CLANG_WARN__DUPLICATE_METHOD_MATCH = YES;
				COPY_PHASE_STRIP = NO;
				DEBUG_INFORMATION_FORMAT = "dwarf-with-dsym";
				ENABLE_NS_ASSERTIONS = NO;
				ENABLE_STRICT_OBJC_MSGSEND = YES;
				ENABLE_USER_SCRIPT_SANDBOXING = YES;
				GCC_C_LANGUAGE_STANDARD = gnu17;
				GCC_NO_COMMON_BLOCKS = YES;
				GCC_WARN_64_TO_32_BIT_CONVERSION = YES;
				GCC_WARN_ABOUT_RETURN_TYPE = YES_ERROR;
				GCC_WARN_UNDECLARED_SELECTOR = YES;
				GCC_WARN_UNINITIALIZED_AUTOS = YES_AGGRESSIVE;
				GCC_WARN_UNUSED_FUNCTION = YES;
				GCC_WARN_UNUSED_VARIABLE = YES;
				IPHONEOS_DEPLOYMENT_TARGET = 17.4;
				LOCALIZATION_PREFERS_STRING_CATALOGS = YES;
				MTL_ENABLE_DEBUG_INFO = NO;
				MTL_FAST_MATH = YES;
				SDKROOT = iphoneos;
				SWIFT_COMPILATION_MODE = wholemodule;
				VALIDATE_PRODUCT = YES;
			};
			name = Release;
		};
		BC0FC2E12C18DB5F00539FB1 /* Debug */ = {
			isa = XCBuildConfiguration;
			buildSettings = {
				ASSETCATALOG_COMPILER_APPICON_NAME = AppIcon;
				ASSETCATALOG_COMPILER_GLOBAL_ACCENT_COLOR_NAME = AccentColor;
				CODE_SIGN_STYLE = Automatic;
				CURRENT_PROJECT_VERSION = 1;
				DEVELOPMENT_ASSET_PATHS = "\"FetchRecipes/Preview Content\"";
				DEVELOPMENT_TEAM = 38M6285G4U;
				ENABLE_PREVIEWS = YES;
				GENERATE_INFOPLIST_FILE = YES;
				INFOPLIST_KEY_UIApplicationSceneManifest_Generation = YES;
				INFOPLIST_KEY_UIApplicationSupportsIndirectInputEvents = YES;
				INFOPLIST_KEY_UILaunchScreen_Generation = YES;
				INFOPLIST_KEY_UISupportedInterfaceOrientations_iPad = "UIInterfaceOrientationPortrait UIInterfaceOrientationPortraitUpsideDown UIInterfaceOrientationLandscapeLeft UIInterfaceOrientationLandscapeRight";
				INFOPLIST_KEY_UISupportedInterfaceOrientations_iPhone = "UIInterfaceOrientationPortrait UIInterfaceOrientationLandscapeLeft UIInterfaceOrientationLandscapeRight";
				LD_RUNPATH_SEARCH_PATHS = (
					"$(inherited)",
					"@executable_path/Frameworks",
				);
				MARKETING_VERSION = 1.0;
				PRODUCT_BUNDLE_IDENTIFIER = hlebushek.FetchRecipes;
				PRODUCT_NAME = "$(TARGET_NAME)";
				SWIFT_EMIT_LOC_STRINGS = YES;
				SWIFT_VERSION = 5.0;
				TARGETED_DEVICE_FAMILY = "1,2";
			};
			name = Debug;
		};
		BC0FC2E22C18DB5F00539FB1 /* Release */ = {
			isa = XCBuildConfiguration;
			buildSettings = {
				ASSETCATALOG_COMPILER_APPICON_NAME = AppIcon;
				ASSETCATALOG_COMPILER_GLOBAL_ACCENT_COLOR_NAME = AccentColor;
				CODE_SIGN_STYLE = Automatic;
				CURRENT_PROJECT_VERSION = 1;
				DEVELOPMENT_ASSET_PATHS = "\"FetchRecipes/Preview Content\"";
				DEVELOPMENT_TEAM = 38M6285G4U;
				ENABLE_PREVIEWS = YES;
				GENERATE_INFOPLIST_FILE = YES;
				INFOPLIST_KEY_UIApplicationSceneManifest_Generation = YES;
				INFOPLIST_KEY_UIApplicationSupportsIndirectInputEvents = YES;
				INFOPLIST_KEY_UILaunchScreen_Generation = YES;
				INFOPLIST_KEY_UISupportedInterfaceOrientations_iPad = "UIInterfaceOrientationPortrait UIInterfaceOrientationPortraitUpsideDown UIInterfaceOrientationLandscapeLeft UIInterfaceOrientationLandscapeRight";
				INFOPLIST_KEY_UISupportedInterfaceOrientations_iPhone = "UIInterfaceOrientationPortrait UIInterfaceOrientationLandscapeLeft UIInterfaceOrientationLandscapeRight";
				LD_RUNPATH_SEARCH_PATHS = (
					"$(inherited)",
					"@executable_path/Frameworks",
				);
				MARKETING_VERSION = 1.0;
				PRODUCT_BUNDLE_IDENTIFIER = hlebushek.FetchRecipes;
				PRODUCT_NAME = "$(TARGET_NAME)";
				SWIFT_EMIT_LOC_STRINGS = YES;
				SWIFT_VERSION = 5.0;
				TARGETED_DEVICE_FAMILY = "1,2";
			};
			name = Release;
		};
		BC0FC3062C1A62B100539FB1 /* Debug */ = {
			isa = XCBuildConfiguration;
			buildSettings = {
				BUNDLE_LOADER = "$(TEST_HOST)";
				CODE_SIGN_STYLE = Automatic;
				CURRENT_PROJECT_VERSION = 1;
				DEVELOPMENT_TEAM = 38M6285G4U;
				GENERATE_INFOPLIST_FILE = YES;
				MARKETING_VERSION = 1.0;
				PRODUCT_BUNDLE_IDENTIFIER = hlebushek.FetchRecipesTests;
				PRODUCT_NAME = "$(TARGET_NAME)";
				SWIFT_EMIT_LOC_STRINGS = NO;
				SWIFT_VERSION = 5.0;
				TARGETED_DEVICE_FAMILY = "1,2";
				TEST_HOST = "$(BUILT_PRODUCTS_DIR)/FetchRecipes.app/$(BUNDLE_EXECUTABLE_FOLDER_PATH)/FetchRecipes";
			};
			name = Debug;
		};
		BC0FC3072C1A62B100539FB1 /* Release */ = {
			isa = XCBuildConfiguration;
			buildSettings = {
				BUNDLE_LOADER = "$(TEST_HOST)";
				CODE_SIGN_STYLE = Automatic;
				CURRENT_PROJECT_VERSION = 1;
				DEVELOPMENT_TEAM = 38M6285G4U;
				GENERATE_INFOPLIST_FILE = YES;
				MARKETING_VERSION = 1.0;
				PRODUCT_BUNDLE_IDENTIFIER = hlebushek.FetchRecipesTests;
				PRODUCT_NAME = "$(TARGET_NAME)";
				SWIFT_EMIT_LOC_STRINGS = NO;
				SWIFT_VERSION = 5.0;
				TARGETED_DEVICE_FAMILY = "1,2";
				TEST_HOST = "$(BUILT_PRODUCTS_DIR)/FetchRecipes.app/$(BUNDLE_EXECUTABLE_FOLDER_PATH)/FetchRecipes";
			};
			name = Release;
		};
/* End XCBuildConfiguration section */

/* Begin XCConfigurationList section */
		BC0FC2CD2C18DB5800539FB1 /* Build configuration list for PBXProject "FetchRecipes" */ = {
			isa = XCConfigurationList;
			buildConfigurations = (
				BC0FC2DE2C18DB5F00539FB1 /* Debug */,
				BC0FC2DF2C18DB5F00539FB1 /* Release */,
			);
			defaultConfigurationIsVisible = 0;
			defaultConfigurationName = Release;
		};
		BC0FC2E02C18DB5F00539FB1 /* Build configuration list for PBXNativeTarget "FetchRecipes" */ = {
			isa = XCConfigurationList;
			buildConfigurations = (
				BC0FC2E12C18DB5F00539FB1 /* Debug */,
				BC0FC2E22C18DB5F00539FB1 /* Release */,
			);
			defaultConfigurationIsVisible = 0;
			defaultConfigurationName = Release;
		};
		BC0FC3052C1A62B100539FB1 /* Build configuration list for PBXNativeTarget "FetchRecipesTests" */ = {
			isa = XCConfigurationList;
			buildConfigurations = (
				BC0FC3062C1A62B100539FB1 /* Debug */,
				BC0FC3072C1A62B100539FB1 /* Release */,
			);
			defaultConfigurationIsVisible = 0;
			defaultConfigurationName = Release;
		};
/* End XCConfigurationList section */
	};
	rootObject = BC0FC2CA2C18DB5800539FB1 /* Project object */;
}
